
Microsoft Visual Studio Solution File, Format Version 12.00
# Visual Studio 15
VisualStudioVersion = 15.0.26228.4
MinimumVisualStudioVersion = 10.0.40219.1
Project("{8BC9CEB8-8B4A-11D0-8D11-00A0C91BC942}") = "UebungenKapitel1", "UebungenKapitel1\UebungenKapitel1\UebungenKapitel1.vcxproj", "{D8417E15-1CF7-419A-8B79-BA2336EEB7C5}"
EndProject
Project("{8BC9CEB8-8B4A-11D0-8D11-00A0C91BC942}") = "UebungenKapitel2", "UebungenKapitel2\UebungenKapitel2\UebungenKapitel2.vcxproj", "{9C4F4122-49E2-40ED-9C83-39FD4BAFC993}"
EndProject
Project("{8BC9CEB8-8B4A-11D0-8D11-00A0C91BC942}") = "UebungenKapitel3", "UebungenKapitel3\UebungenKapitel3\UebungenKapitel3.vcxproj", "{82AB5C27-7614-4EDE-BE7F-AFF780715752}"
EndProject
Project("{8BC9CEB8-8B4A-11D0-8D11-00A0C91BC942}") = "UebungenKapitel4", "UebungenKapitel4\UebungenKapitel4\UebungenKapitel4.vcxproj", "{C81BE5AF-7C8E-4003-9DB6-AD0D30CC82E6}"
EndProject
Global
	GlobalSection(SolutionConfigurationPlatforms) = preSolution
		Debug|x64 = Debug|x64
		Debug|x86 = Debug|x86
		Release|x64 = Release|x64
		Release|x86 = Release|x86
	EndGlobalSection
	GlobalSection(ProjectConfigurationPlatforms) = postSolution
		{D8417E15-1CF7-419A-8B79-BA2336EEB7C5}.Debug|x64.ActiveCfg = Debug|x64
		{D8417E15-1CF7-419A-8B79-BA2336EEB7C5}.Debug|x64.Build.0 = Debug|x64
		{D8417E15-1CF7-419A-8B79-BA2336EEB7C5}.Debug|x86.ActiveCfg = Debug|Win32
		{D8417E15-1CF7-419A-8B79-BA2336EEB7C5}.Debug|x86.Build.0 = Debug|Win32
		{D8417E15-1CF7-419A-8B79-BA2336EEB7C5}.Release|x64.ActiveCfg = Release|x64
		{D8417E15-1CF7-419A-8B79-BA2336EEB7C5}.Release|x64.Build.0 = Release|x64
		{D8417E15-1CF7-419A-8B79-BA2336EEB7C5}.Release|x86.ActiveCfg = Release|Win32
		{D8417E15-1CF7-419A-8B79-BA2336EEB7C5}.Release|x86.Build.0 = Release|Win32
		{9C4F4122-49E2-40ED-9C83-39FD4BAFC993}.Debug|x64.ActiveCfg = Debug|x64
		{9C4F4122-49E2-40ED-9C83-39FD4BAFC993}.Debug|x64.Build.0 = Debug|x64
		{9C4F4122-49E2-40ED-9C83-39FD4BAFC993}.Debug|x86.ActiveCfg = Debug|Win32
		{9C4F4122-49E2-40ED-9C83-39FD4BAFC993}.Debug|x86.Build.0 = Debug|Win32
		{9C4F4122-49E2-40ED-9C83-39FD4BAFC993}.Release|x64.ActiveCfg = Release|x64
		{9C4F4122-49E2-40ED-9C83-39FD4BAFC993}.Release|x64.Build.0 = Release|x64
		{9C4F4122-49E2-40ED-9C83-39FD4BAFC993}.Release|x86.ActiveCfg = Release|Win32
		{9C4F4122-49E2-40ED-9C83-39FD4BAFC993}.Release|x86.Build.0 = Release|Win32
		{82AB5C27-7614-4EDE-BE7F-AFF780715752}.Debug|x64.ActiveCfg = Debug|x64
		{82AB5C27-7614-4EDE-BE7F-AFF780715752}.Debug|x64.Build.0 = Debug|x64
		{82AB5C27-7614-4EDE-BE7F-AFF780715752}.Debug|x86.ActiveCfg = Debug|Win32
		{82AB5C27-7614-4EDE-BE7F-AFF780715752}.Debug|x86.Build.0 = Debug|Win32
		{82AB5C27-7614-4EDE-BE7F-AFF780715752}.Release|x64.ActiveCfg = Release|x64
		{82AB5C27-7614-4EDE-BE7F-AFF780715752}.Release|x64.Build.0 = Release|x64
		{82AB5C27-7614-4EDE-BE7F-AFF780715752}.Release|x86.ActiveCfg = Release|Win32
		{82AB5C27-7614-4EDE-BE7F-AFF780715752}.Release|x86.Build.0 = Release|Win32
		{C81BE5AF-7C8E-4003-9DB6-AD0D30CC82E6}.Debug|x64.ActiveCfg = Debug|x64
		{C81BE5AF-7C8E-4003-9DB6-AD0D30CC82E6}.Debug|x64.Build.0 = Debug|x64
		{C81BE5AF-7C8E-4003-9DB6-AD0D30CC82E6}.Debug|x86.ActiveCfg = Debug|Win32
		{C81BE5AF-7C8E-4003-9DB6-AD0D30CC82E6}.Debug|x86.Build.0 = Debug|Win32
		{C81BE5AF-7C8E-4003-9DB6-AD0D30CC82E6}.Release|x64.ActiveCfg = Release|x64
		{C81BE5AF-7C8E-4003-9DB6-AD0D30CC82E6}.Release|x64.Build.0 = Release|x64
		{C81BE5AF-7C8E-4003-9DB6-AD0D30CC82E6}.Release|x86.ActiveCfg = Release|Win32
		{C81BE5AF-7C8E-4003-9DB6-AD0D30CC82E6}.Release|x86.Build.0 = Release|Win32
	EndGlobalSection
	GlobalSection(SolutionProperties) = preSolution
		HideSolutionNode = FALSE
	EndGlobalSection
EndGlobal
